
Microsoft Visual Studio Solution File, Format Version 12.00
# Visual Studio Version 17
VisualStudioVersion = 17.3.32922.545
MinimumVisualStudioVersion = 10.0.40219.1
Project("{FAE04EC0-301F-11D3-BF4B-00C04F79EFBC}") = "TemporalTearOpenerMod", "TemporalTearOpenerMod\TemporalTearOpenerMod.csproj", "{EA8165CA-1E72-47EA-AF47-9D692494B37C}"
EndProject
Project("{FAE04EC0-301F-11D3-BF4B-00C04F79EFBC}") = "ForestTreeMutateMod", "ForestTreeMutateMod\ForestTreeMutateMod.csproj", "{40349E3D-44E2-4004-8D85-627F2CCD3EAE}"
EndProject
Project("{FAE04EC0-301F-11D3-BF4B-00C04F79EFBC}") = "WarpConduitPartnerMod", "WarpConduitReceiverMod\WarpConduitPartnerMod.csproj", "{1F98832C-AB28-4CE7-AF9D-05C8D5365190}"
EndProject
Project("{2150E333-8FDC-42A3-9474-1A3956D46DE8}") = "解决方案项", "解决方案项", "{3C551837-7C5F-4FEF-8F73-193191B7C84B}"
	ProjectSection(SolutionItems) = preProject
		README.md = README.md
	EndProjectSection
EndProject
Project("{FAE04EC0-301F-11D3-BF4B-00C04F79EFBC}") = "TeleporterBuildingMod", "TeleporterBuildingMod\TeleporterBuildingMod.csproj", "{A72C572F-0112-4B93-9D38-5F1AD37A8678}"
EndProject
Project("{FAE04EC0-301F-11D3-BF4B-00C04F79EFBC}") = "VacuumSpaceMod", "VacuumSpaceMod\VacuumSpaceMod.csproj", "{084191CF-9A65-448D-ADE8-9AD89593CAE5}"
EndProject
Project("{FAE04EC0-301F-11D3-BF4B-00C04F79EFBC}") = "ModTests", "VacuumSpaceModTests\ModTests.csproj", "{0DEDD116-F90A-4350-8C93-B031C2F41F41}"
EndProject
Project("{FAE04EC0-301F-11D3-BF4B-00C04F79EFBC}") = "SingleStarWorldMod", "SingleStarWorldMod\SingleStarWorldMod.csproj", "{B69904B6-0FD5-4AEC-BA34-03E305387E87}"
EndProject
Project("{FAE04EC0-301F-11D3-BF4B-00C04F79EFBC}") = "DoubleMutateMod", "DoubleMutateMod\DoubleMutateMod.csproj", "{68646D03-FF3C-4BC0-AF34-F20D0FC98247}"
EndProject
Project("{FAE04EC0-301F-11D3-BF4B-00C04F79EFBC}") = "InfiniteResearchMod", "InfiniteResearchMod\InfiniteResearchMod.csproj", "{55ABDAF1-B224-4446-995B-FE26DCEF6E58}"
EndProject
Project("{FAE04EC0-301F-11D3-BF4B-00C04F79EFBC}") = "DropArtifactsMod", "DropArtifactsMod\DropArtifactsMod.csproj", "{6DBF9F5D-E293-4B64-958D-8620183192B1}"
EndProject
Project("{FAE04EC0-301F-11D3-BF4B-00C04F79EFBC}") = "DeleteAsteroid", "DeleteAsteroid\DeleteAsteroid.csproj", "{10780224-FE59-434E-B8CF-7FF7B4C1B9BE}"
EndProject
Project("{FAE04EC0-301F-11D3-BF4B-00C04F79EFBC}") = "ChangeMapMod", "ChangeMapMod\ChangeMapMod.csproj", "{51FA70D5-A1C0-4A57-963C-9D87259DAFDA}"
EndProject
Project("{FAE04EC0-301F-11D3-BF4B-00C04F79EFBC}") = "ForceMutateMod", "ForceMutateButton\ForceMutateMod.csproj", "{7ABA2402-ED8D-443D-A615-E36E66D2D7E6}"
EndProject
Project("{FAE04EC0-301F-11D3-BF4B-00C04F79EFBC}") = "ColdWheatSeedDropMod", "ColdWheatSeedDropMod\ColdWheatSeedDropMod.csproj", "{409643AB-8E49-4D96-A384-BB2FC2C6D8F9}"
EndProject
Project("{FAE04EC0-301F-11D3-BF4B-00C04F79EFBC}") = "MeteorChangeMod", "MeteorChangeMod\MeteorChangeMod.csproj", "{64BA700D-B959-454D-8DA3-F2BE9761585C}"
EndProject
Global
	GlobalSection(SolutionConfigurationPlatforms) = preSolution
		Debug|Any CPU = Debug|Any CPU
		Release|Any CPU = Release|Any CPU
	EndGlobalSection
	GlobalSection(ProjectConfigurationPlatforms) = postSolution
		{EA8165CA-1E72-47EA-AF47-9D692494B37C}.Debug|Any CPU.ActiveCfg = Debug|Any CPU
		{EA8165CA-1E72-47EA-AF47-9D692494B37C}.Debug|Any CPU.Build.0 = Debug|Any CPU
		{EA8165CA-1E72-47EA-AF47-9D692494B37C}.Release|Any CPU.ActiveCfg = Release|Any CPU
		{EA8165CA-1E72-47EA-AF47-9D692494B37C}.Release|Any CPU.Build.0 = Release|Any CPU
		{40349E3D-44E2-4004-8D85-627F2CCD3EAE}.Debug|Any CPU.ActiveCfg = Debug|Any CPU
		{40349E3D-44E2-4004-8D85-627F2CCD3EAE}.Debug|Any CPU.Build.0 = Debug|Any CPU
		{40349E3D-44E2-4004-8D85-627F2CCD3EAE}.Release|Any CPU.ActiveCfg = Release|Any CPU
		{40349E3D-44E2-4004-8D85-627F2CCD3EAE}.Release|Any CPU.Build.0 = Release|Any CPU
		{1F98832C-AB28-4CE7-AF9D-05C8D5365190}.Debug|Any CPU.ActiveCfg = Debug|Any CPU
		{1F98832C-AB28-4CE7-AF9D-05C8D5365190}.Debug|Any CPU.Build.0 = Debug|Any CPU
		{1F98832C-AB28-4CE7-AF9D-05C8D5365190}.Release|Any CPU.ActiveCfg = Release|Any CPU
		{1F98832C-AB28-4CE7-AF9D-05C8D5365190}.Release|Any CPU.Build.0 = Release|Any CPU
		{A72C572F-0112-4B93-9D38-5F1AD37A8678}.Debug|Any CPU.ActiveCfg = Debug|Any CPU
		{A72C572F-0112-4B93-9D38-5F1AD37A8678}.Debug|Any CPU.Build.0 = Debug|Any CPU
		{A72C572F-0112-4B93-9D38-5F1AD37A8678}.Release|Any CPU.ActiveCfg = Release|Any CPU
		{A72C572F-0112-4B93-9D38-5F1AD37A8678}.Release|Any CPU.Build.0 = Release|Any CPU
		{084191CF-9A65-448D-ADE8-9AD89593CAE5}.Debug|Any CPU.ActiveCfg = Debug|Any CPU
		{084191CF-9A65-448D-ADE8-9AD89593CAE5}.Debug|Any CPU.Build.0 = Debug|Any CPU
		{084191CF-9A65-448D-ADE8-9AD89593CAE5}.Release|Any CPU.ActiveCfg = Release|Any CPU
		{084191CF-9A65-448D-ADE8-9AD89593CAE5}.Release|Any CPU.Build.0 = Release|Any CPU
		{0DEDD116-F90A-4350-8C93-B031C2F41F41}.Debug|Any CPU.ActiveCfg = Debug|Any CPU
		{0DEDD116-F90A-4350-8C93-B031C2F41F41}.Debug|Any CPU.Build.0 = Debug|Any CPU
		{0DEDD116-F90A-4350-8C93-B031C2F41F41}.Release|Any CPU.ActiveCfg = Release|Any CPU
		{0DEDD116-F90A-4350-8C93-B031C2F41F41}.Release|Any CPU.Build.0 = Release|Any CPU
		{B69904B6-0FD5-4AEC-BA34-03E305387E87}.Debug|Any CPU.ActiveCfg = Debug|Any CPU
		{B69904B6-0FD5-4AEC-BA34-03E305387E87}.Debug|Any CPU.Build.0 = Debug|Any CPU
		{B69904B6-0FD5-4AEC-BA34-03E305387E87}.Release|Any CPU.ActiveCfg = Release|Any CPU
		{B69904B6-0FD5-4AEC-BA34-03E305387E87}.Release|Any CPU.Build.0 = Release|Any CPU
		{68646D03-FF3C-4BC0-AF34-F20D0FC98247}.Debug|Any CPU.ActiveCfg = Debug|Any CPU
		{68646D03-FF3C-4BC0-AF34-F20D0FC98247}.Debug|Any CPU.Build.0 = Debug|Any CPU
		{68646D03-FF3C-4BC0-AF34-F20D0FC98247}.Release|Any CPU.ActiveCfg = Release|Any CPU
		{68646D03-FF3C-4BC0-AF34-F20D0FC98247}.Release|Any CPU.Build.0 = Release|Any CPU
		{55ABDAF1-B224-4446-995B-FE26DCEF6E58}.Debug|Any CPU.ActiveCfg = Debug|Any CPU
		{55ABDAF1-B224-4446-995B-FE26DCEF6E58}.Debug|Any CPU.Build.0 = Debug|Any CPU
		{55ABDAF1-B224-4446-995B-FE26DCEF6E58}.Release|Any CPU.ActiveCfg = Release|Any CPU
		{55ABDAF1-B224-4446-995B-FE26DCEF6E58}.Release|Any CPU.Build.0 = Release|Any CPU
		{6DBF9F5D-E293-4B64-958D-8620183192B1}.Debug|Any CPU.ActiveCfg = Debug|Any CPU
		{6DBF9F5D-E293-4B64-958D-8620183192B1}.Debug|Any CPU.Build.0 = Debug|Any CPU
		{6DBF9F5D-E293-4B64-958D-8620183192B1}.Release|Any CPU.ActiveCfg = Release|Any CPU
		{6DBF9F5D-E293-4B64-958D-8620183192B1}.Release|Any CPU.Build.0 = Release|Any CPU
		{10780224-FE59-434E-B8CF-7FF7B4C1B9BE}.Debug|Any CPU.ActiveCfg = Debug|Any CPU
		{10780224-FE59-434E-B8CF-7FF7B4C1B9BE}.Debug|Any CPU.Build.0 = Debug|Any CPU
		{10780224-FE59-434E-B8CF-7FF7B4C1B9BE}.Release|Any CPU.ActiveCfg = Release|Any CPU
		{10780224-FE59-434E-B8CF-7FF7B4C1B9BE}.Release|Any CPU.Build.0 = Release|Any CPU
		{51FA70D5-A1C0-4A57-963C-9D87259DAFDA}.Debug|Any CPU.ActiveCfg = Debug|Any CPU
		{51FA70D5-A1C0-4A57-963C-9D87259DAFDA}.Debug|Any CPU.Build.0 = Debug|Any CPU
		{51FA70D5-A1C0-4A57-963C-9D87259DAFDA}.Release|Any CPU.ActiveCfg = Release|Any CPU
		{51FA70D5-A1C0-4A57-963C-9D87259DAFDA}.Release|Any CPU.Build.0 = Release|Any CPU
		{7ABA2402-ED8D-443D-A615-E36E66D2D7E6}.Debug|Any CPU.ActiveCfg = Debug|Any CPU
		{7ABA2402-ED8D-443D-A615-E36E66D2D7E6}.Debug|Any CPU.Build.0 = Debug|Any CPU
		{7ABA2402-ED8D-443D-A615-E36E66D2D7E6}.Release|Any CPU.ActiveCfg = Release|Any CPU
		{7ABA2402-ED8D-443D-A615-E36E66D2D7E6}.Release|Any CPU.Build.0 = Release|Any CPU
		{409643AB-8E49-4D96-A384-BB2FC2C6D8F9}.Debug|Any CPU.ActiveCfg = Debug|Any CPU
		{409643AB-8E49-4D96-A384-BB2FC2C6D8F9}.Debug|Any CPU.Build.0 = Debug|Any CPU
		{409643AB-8E49-4D96-A384-BB2FC2C6D8F9}.Release|Any CPU.ActiveCfg = Release|Any CPU
		{409643AB-8E49-4D96-A384-BB2FC2C6D8F9}.Release|Any CPU.Build.0 = Release|Any CPU
		{64BA700D-B959-454D-8DA3-F2BE9761585C}.Debug|Any CPU.ActiveCfg = Debug|Any CPU
		{64BA700D-B959-454D-8DA3-F2BE9761585C}.Debug|Any CPU.Build.0 = Debug|Any CPU
		{64BA700D-B959-454D-8DA3-F2BE9761585C}.Release|Any CPU.ActiveCfg = Release|Any CPU
		{64BA700D-B959-454D-8DA3-F2BE9761585C}.Release|Any CPU.Build.0 = Release|Any CPU
	EndGlobalSection
	GlobalSection(SolutionProperties) = preSolution
		HideSolutionNode = FALSE
	EndGlobalSection
	GlobalSection(ExtensibilityGlobals) = postSolution
		SolutionGuid = {B1D4527C-640E-43BF-971F-456BED4738DB}
	EndGlobalSection
EndGlobal
