
Microsoft Visual Studio Solution File, Format Version 12.00
# Visual Studio Version 17
VisualStudioVersion = 17.3.32922.545
MinimumVisualStudioVersion = 10.0.40219.1
Project("{9A19103F-16F7-4668-BE54-9A1E7A4F7556}") = "TemporalTearOpenerMod", "TemporalTearOpenerMod\TemporalTearOpenerMod.csproj", "{EA8165CA-1E72-47EA-AF47-9D692494B37C}"
EndProject
Project("{9A19103F-16F7-4668-BE54-9A1E7A4F7556}") = "ForestTreeMutateMod", "ForestTreeMutateMod\ForestTreeMutateMod.csproj", "{40349E3D-44E2-4004-8D85-627F2CCD3EAE}"
EndProject
Project("{2150E333-8FDC-42A3-9474-1A3956D46DE8}") = "解决方案项", "解决方案项", "{3C551837-7C5F-4FEF-8F73-193191B7C84B}"
	ProjectSection(SolutionItems) = preProject
		AfterBuild.bat = AfterBuild.bat
		AfterBuild.mjs = AfterBuild.mjs
		build.backup.xml = build.backup.xml
		Directory.Build.props = Directory.Build.props
		Directory.Build.props.default = Directory.Build.props.default
		Directory.Build.targets = Directory.Build.targets
		README.md = README.md
		Steam语法.txt = Steam语法.txt
	EndProjectSection
EndProject
Project("{9A19103F-16F7-4668-BE54-9A1E7A4F7556}") = "TeleporterBuildingMod", "TeleporterBuildingMod\TeleporterBuildingMod.csproj", "{A72C572F-0112-4B93-9D38-5F1AD37A8678}"
EndProject
Project("{9A19103F-16F7-4668-BE54-9A1E7A4F7556}") = "VacuumSpaceMod", "VacuumSpaceMod\VacuumSpaceMod.csproj", "{084191CF-9A65-448D-ADE8-9AD89593CAE5}"
EndProject
Project("{9A19103F-16F7-4668-BE54-9A1E7A4F7556}") = "SingleStarWorldMod", "SingleStarWorldMod\SingleStarWorldMod.csproj", "{B69904B6-0FD5-4AEC-BA34-03E305387E87}"
EndProject
Project("{9A19103F-16F7-4668-BE54-9A1E7A4F7556}") = "DoubleMutateMod", "DoubleMutateMod\DoubleMutateMod.csproj", "{68646D03-FF3C-4BC0-AF34-F20D0FC98247}"
EndProject
Project("{9A19103F-16F7-4668-BE54-9A1E7A4F7556}") = "InfiniteResearchMod", "InfiniteResearchMod\InfiniteResearchMod.csproj", "{55ABDAF1-B224-4446-995B-FE26DCEF6E58}"
EndProject
Project("{9A19103F-16F7-4668-BE54-9A1E7A4F7556}") = "DropArtifactsMod", "DropArtifactsMod\DropArtifactsMod.csproj", "{6DBF9F5D-E293-4B64-958D-8620183192B1}"
EndProject
Project("{9A19103F-16F7-4668-BE54-9A1E7A4F7556}") = "ColdWheatSeedDropMod", "ColdWheatSeedDropMod\ColdWheatSeedDropMod.csproj", "{409643AB-8E49-4D96-A384-BB2FC2C6D8F9}"
EndProject
Project("{9A19103F-16F7-4668-BE54-9A1E7A4F7556}") = "MeteorChangeMod", "MeteorChangeMod\MeteorChangeMod.csproj", "{64BA700D-B959-454D-8DA3-F2BE9761585C}"
EndProject
Project("{9A19103F-16F7-4668-BE54-9A1E7A4F7556}") = "DeleteFreeChoreMod", "DeleteFreeChoreMod\DeleteFreeChoreMod.csproj", "{FD25DCEB-B49D-4AF9-8734-E85AB85E0A21}"
EndProject
Project("{9A19103F-16F7-4668-BE54-9A1E7A4F7556}") = "ShowDestinationPOIFixMod", "ShowDestinationPOIFixMod\ShowDestinationPOIFixMod.csproj", "{5B78141C-58D9-496A-8E64-450EB18F4094}"
EndProject
Project("{9A19103F-16F7-4668-BE54-9A1E7A4F7556}") = "NotificationsPauseI18nMod", "NotificationsPauseI18nMod\NotificationsPauseI18nMod.csproj", "{EDF31B01-685F-47CA-B06B-0A4ADD821105}"
EndProject
Project("{9A19103F-16F7-4668-BE54-9A1E7A4F7556}") = "AModTests", "AModTests\AModTests.csproj", "{0DEDD116-F90A-4350-8C93-B031C2F41F41}"
	ProjectSection(ProjectDependencies) = postProject
		{0409EA56-20D1-4362-A226-398AD492232D} = {0409EA56-20D1-4362-A226-398AD492232D}
		{084191CF-9A65-448D-ADE8-9AD89593CAE5} = {084191CF-9A65-448D-ADE8-9AD89593CAE5}
		{1103F5FB-2E5A-4E89-98C6-7D08B308053F} = {1103F5FB-2E5A-4E89-98C6-7D08B308053F}
		{115D89D7-1F62-4BA2-8C6A-8998252B70D4} = {115D89D7-1F62-4BA2-8C6A-8998252B70D4}
		{40349E3D-44E2-4004-8D85-627F2CCD3EAE} = {40349E3D-44E2-4004-8D85-627F2CCD3EAE}
		{409643AB-8E49-4D96-A384-BB2FC2C6D8F9} = {409643AB-8E49-4D96-A384-BB2FC2C6D8F9}
		{55ABDAF1-B224-4446-995B-FE26DCEF6E58} = {55ABDAF1-B224-4446-995B-FE26DCEF6E58}
		{5B78141C-58D9-496A-8E64-450EB18F4094} = {5B78141C-58D9-496A-8E64-450EB18F4094}
		{64BA700D-B959-454D-8DA3-F2BE9761585C} = {64BA700D-B959-454D-8DA3-F2BE9761585C}
		{68646D03-FF3C-4BC0-AF34-F20D0FC98247} = {68646D03-FF3C-4BC0-AF34-F20D0FC98247}
		{6DBF9F5D-E293-4B64-958D-8620183192B1} = {6DBF9F5D-E293-4B64-958D-8620183192B1}
		{A72C572F-0112-4B93-9D38-5F1AD37A8678} = {A72C572F-0112-4B93-9D38-5F1AD37A8678}
		{AACE7DB9-4CA4-4D68-B9A1-70367E498CE9} = {AACE7DB9-4CA4-4D68-B9A1-70367E498CE9}
		{B229340D-0E73-4493-816F-2065A253C0FA} = {B229340D-0E73-4493-816F-2065A253C0FA}
		{B69904B6-0FD5-4AEC-BA34-03E305387E87} = {B69904B6-0FD5-4AEC-BA34-03E305387E87}
		{EA8165CA-1E72-47EA-AF47-9D692494B37C} = {EA8165CA-1E72-47EA-AF47-9D692494B37C}
		{EDF31B01-685F-47CA-B06B-0A4ADD821105} = {EDF31B01-685F-47CA-B06B-0A4ADD821105}
		{FD25DCEB-B49D-4AF9-8734-E85AB85E0A21} = {FD25DCEB-B49D-4AF9-8734-E85AB85E0A21}
	EndProjectSection
EndProject
Project("{9A19103F-16F7-4668-BE54-9A1E7A4F7556}") = "InfoOverlayFixMod", "InfoOverlayFixMod\InfoOverlayFixMod.csproj", "{0409EA56-20D1-4362-A226-398AD492232D}"
EndProject
Project("{9A19103F-16F7-4668-BE54-9A1E7A4F7556}") = "LimitHydroponicMod", "LimitHydroponicMod\LimitHydroponicMod.csproj", "{1103F5FB-2E5A-4E89-98C6-7D08B308053F}"
EndProject
Project("{9A19103F-16F7-4668-BE54-9A1E7A4F7556}") = "PerformanceLogMod", "PerformanceLogMod\PerformanceLogMod.csproj", "{B229340D-0E73-4493-816F-2065A253C0FA}"
EndProject
Project("{9A19103F-16F7-4668-BE54-9A1E7A4F7556}") = "GoodDoorMod", "GoodDoorMod\GoodDoorMod.csproj", "{115D89D7-1F62-4BA2-8C6A-8998252B70D4}"
EndProject
Project("{9A19103F-16F7-4668-BE54-9A1E7A4F7556}") = "SuitCheckpointStorgeMod", "SuitCheckpointStorgeMod\SuitCheckpointStorgeMod.csproj", "{AACE7DB9-4CA4-4D68-B9A1-70367E498CE9}"
EndProject
Project("{2150E333-8FDC-42A3-9474-1A3956D46DE8}") = "Solution Items", "Solution Items", "{1C21F138-7D3D-43FE-92E5-1FA8498E4EDC}"
	ProjectSection(SolutionItems) = preProject
		.editorconfig = .editorconfig
	EndProjectSection
EndProject
Project("{9A19103F-16F7-4668-BE54-9A1E7A4F7556}") = "MiniBaseT4Mod", "MiniBaseT4Mod\MiniBaseT4Mod.csproj", "{1DA28EAC-FF61-435C-90E8-CC104B04C90E}"
EndProject
Project("{9A19103F-16F7-4668-BE54-9A1E7A4F7556}") = "WarpConduitReceiverMod", "WarpConduitReceiverMod\WarpConduitReceiverMod.csproj", "{E7EB2FE0-6F86-408A-B50D-1A5D0970B358}"
EndProject
Project("{9A19103F-16F7-4668-BE54-9A1E7A4F7556}") = "DeleteAsteroidMod", "DeleteAsteroidMod\DeleteAsteroidMod.csproj", "{9F0FCC87-EB98-40DD-B87A-02DAEC65F822}"
EndProject
Project("{9A19103F-16F7-4668-BE54-9A1E7A4F7556}") = "ForceEruptionMod", "ForceEruptionMod\ForceEruptionMod.csproj", "{4EBADD09-121C-4943-AFB1-B2A93F66DD93}"
EndProject
Project("{9A19103F-16F7-4668-BE54-9A1E7A4F7556}") = "ForceMutateMod", "ForceMutateMod\ForceMutateMod.csproj", "{231DE80F-5F02-40C8-BFC9-9CB7194156C3}"
EndProject
Project("{9A19103F-16F7-4668-BE54-9A1E7A4F7556}") = "PoiAddResourceMod", "PoiAddResourceMod\PoiAddResourceMod.csproj", "{0C254A9C-F45E-454F-94BA-9940C5CBCCFF}"
EndProject
Project("{9A19103F-16F7-4668-BE54-9A1E7A4F7556}") = "TranslateFixMod", "TranslateFixMod\TranslateFixMod.csproj", "{74E17BB2-96D4-4D55-90F0-6D0FFDE3C8DB}"
EndProject
Global
	GlobalSection(SolutionConfigurationPlatforms) = preSolution
		Debug|Any CPU = Debug|Any CPU
		Release|Any CPU = Release|Any CPU
	EndGlobalSection
	GlobalSection(ProjectConfigurationPlatforms) = postSolution
		{EA8165CA-1E72-47EA-AF47-9D692494B37C}.Debug|Any CPU.ActiveCfg = Debug|Any CPU
		{EA8165CA-1E72-47EA-AF47-9D692494B37C}.Debug|Any CPU.Build.0 = Debug|Any CPU
		{EA8165CA-1E72-47EA-AF47-9D692494B37C}.Release|Any CPU.ActiveCfg = Release|Any CPU
		{EA8165CA-1E72-47EA-AF47-9D692494B37C}.Release|Any CPU.Build.0 = Release|Any CPU
		{40349E3D-44E2-4004-8D85-627F2CCD3EAE}.Debug|Any CPU.ActiveCfg = Debug|Any CPU
		{40349E3D-44E2-4004-8D85-627F2CCD3EAE}.Debug|Any CPU.Build.0 = Debug|Any CPU
		{40349E3D-44E2-4004-8D85-627F2CCD3EAE}.Release|Any CPU.ActiveCfg = Release|Any CPU
		{40349E3D-44E2-4004-8D85-627F2CCD3EAE}.Release|Any CPU.Build.0 = Release|Any CPU
		{A72C572F-0112-4B93-9D38-5F1AD37A8678}.Debug|Any CPU.ActiveCfg = Debug|Any CPU
		{A72C572F-0112-4B93-9D38-5F1AD37A8678}.Debug|Any CPU.Build.0 = Debug|Any CPU
		{A72C572F-0112-4B93-9D38-5F1AD37A8678}.Release|Any CPU.ActiveCfg = Release|Any CPU
		{A72C572F-0112-4B93-9D38-5F1AD37A8678}.Release|Any CPU.Build.0 = Release|Any CPU
		{084191CF-9A65-448D-ADE8-9AD89593CAE5}.Debug|Any CPU.ActiveCfg = Debug|Any CPU
		{084191CF-9A65-448D-ADE8-9AD89593CAE5}.Debug|Any CPU.Build.0 = Debug|Any CPU
		{084191CF-9A65-448D-ADE8-9AD89593CAE5}.Release|Any CPU.ActiveCfg = Release|Any CPU
		{084191CF-9A65-448D-ADE8-9AD89593CAE5}.Release|Any CPU.Build.0 = Release|Any CPU
		{B69904B6-0FD5-4AEC-BA34-03E305387E87}.Debug|Any CPU.ActiveCfg = Debug|Any CPU
		{B69904B6-0FD5-4AEC-BA34-03E305387E87}.Debug|Any CPU.Build.0 = Debug|Any CPU
		{B69904B6-0FD5-4AEC-BA34-03E305387E87}.Release|Any CPU.ActiveCfg = Release|Any CPU
		{B69904B6-0FD5-4AEC-BA34-03E305387E87}.Release|Any CPU.Build.0 = Release|Any CPU
		{68646D03-FF3C-4BC0-AF34-F20D0FC98247}.Debug|Any CPU.ActiveCfg = Debug|Any CPU
		{68646D03-FF3C-4BC0-AF34-F20D0FC98247}.Debug|Any CPU.Build.0 = Debug|Any CPU
		{68646D03-FF3C-4BC0-AF34-F20D0FC98247}.Release|Any CPU.ActiveCfg = Release|Any CPU
		{68646D03-FF3C-4BC0-AF34-F20D0FC98247}.Release|Any CPU.Build.0 = Release|Any CPU
		{55ABDAF1-B224-4446-995B-FE26DCEF6E58}.Debug|Any CPU.ActiveCfg = Debug|Any CPU
		{55ABDAF1-B224-4446-995B-FE26DCEF6E58}.Debug|Any CPU.Build.0 = Debug|Any CPU
		{55ABDAF1-B224-4446-995B-FE26DCEF6E58}.Release|Any CPU.ActiveCfg = Release|Any CPU
		{55ABDAF1-B224-4446-995B-FE26DCEF6E58}.Release|Any CPU.Build.0 = Release|Any CPU
		{6DBF9F5D-E293-4B64-958D-8620183192B1}.Debug|Any CPU.ActiveCfg = Debug|Any CPU
		{6DBF9F5D-E293-4B64-958D-8620183192B1}.Debug|Any CPU.Build.0 = Debug|Any CPU
		{6DBF9F5D-E293-4B64-958D-8620183192B1}.Release|Any CPU.ActiveCfg = Release|Any CPU
		{6DBF9F5D-E293-4B64-958D-8620183192B1}.Release|Any CPU.Build.0 = Release|Any CPU
		{409643AB-8E49-4D96-A384-BB2FC2C6D8F9}.Debug|Any CPU.ActiveCfg = Debug|Any CPU
		{409643AB-8E49-4D96-A384-BB2FC2C6D8F9}.Debug|Any CPU.Build.0 = Debug|Any CPU
		{409643AB-8E49-4D96-A384-BB2FC2C6D8F9}.Release|Any CPU.ActiveCfg = Release|Any CPU
		{409643AB-8E49-4D96-A384-BB2FC2C6D8F9}.Release|Any CPU.Build.0 = Release|Any CPU
		{64BA700D-B959-454D-8DA3-F2BE9761585C}.Debug|Any CPU.ActiveCfg = Debug|Any CPU
		{64BA700D-B959-454D-8DA3-F2BE9761585C}.Debug|Any CPU.Build.0 = Debug|Any CPU
		{64BA700D-B959-454D-8DA3-F2BE9761585C}.Release|Any CPU.ActiveCfg = Release|Any CPU
		{64BA700D-B959-454D-8DA3-F2BE9761585C}.Release|Any CPU.Build.0 = Release|Any CPU
		{FD25DCEB-B49D-4AF9-8734-E85AB85E0A21}.Debug|Any CPU.ActiveCfg = Debug|Any CPU
		{FD25DCEB-B49D-4AF9-8734-E85AB85E0A21}.Debug|Any CPU.Build.0 = Debug|Any CPU
		{FD25DCEB-B49D-4AF9-8734-E85AB85E0A21}.Release|Any CPU.ActiveCfg = Release|Any CPU
		{FD25DCEB-B49D-4AF9-8734-E85AB85E0A21}.Release|Any CPU.Build.0 = Release|Any CPU
		{5B78141C-58D9-496A-8E64-450EB18F4094}.Debug|Any CPU.ActiveCfg = Debug|Any CPU
		{5B78141C-58D9-496A-8E64-450EB18F4094}.Debug|Any CPU.Build.0 = Debug|Any CPU
		{5B78141C-58D9-496A-8E64-450EB18F4094}.Release|Any CPU.ActiveCfg = Release|Any CPU
		{5B78141C-58D9-496A-8E64-450EB18F4094}.Release|Any CPU.Build.0 = Release|Any CPU
		{EDF31B01-685F-47CA-B06B-0A4ADD821105}.Debug|Any CPU.ActiveCfg = Debug|Any CPU
		{EDF31B01-685F-47CA-B06B-0A4ADD821105}.Debug|Any CPU.Build.0 = Debug|Any CPU
		{EDF31B01-685F-47CA-B06B-0A4ADD821105}.Release|Any CPU.ActiveCfg = Release|Any CPU
		{EDF31B01-685F-47CA-B06B-0A4ADD821105}.Release|Any CPU.Build.0 = Release|Any CPU
		{0DEDD116-F90A-4350-8C93-B031C2F41F41}.Debug|Any CPU.ActiveCfg = Debug|Any CPU
		{0DEDD116-F90A-4350-8C93-B031C2F41F41}.Debug|Any CPU.Build.0 = Debug|Any CPU
		{0DEDD116-F90A-4350-8C93-B031C2F41F41}.Release|Any CPU.ActiveCfg = Release|Any CPU
		{0DEDD116-F90A-4350-8C93-B031C2F41F41}.Release|Any CPU.Build.0 = Release|Any CPU
		{0409EA56-20D1-4362-A226-398AD492232D}.Debug|Any CPU.ActiveCfg = Debug|Any CPU
		{0409EA56-20D1-4362-A226-398AD492232D}.Debug|Any CPU.Build.0 = Debug|Any CPU
		{0409EA56-20D1-4362-A226-398AD492232D}.Release|Any CPU.ActiveCfg = Release|Any CPU
		{0409EA56-20D1-4362-A226-398AD492232D}.Release|Any CPU.Build.0 = Release|Any CPU
		{1103F5FB-2E5A-4E89-98C6-7D08B308053F}.Debug|Any CPU.ActiveCfg = Debug|Any CPU
		{1103F5FB-2E5A-4E89-98C6-7D08B308053F}.Debug|Any CPU.Build.0 = Debug|Any CPU
		{1103F5FB-2E5A-4E89-98C6-7D08B308053F}.Release|Any CPU.ActiveCfg = Release|Any CPU
		{1103F5FB-2E5A-4E89-98C6-7D08B308053F}.Release|Any CPU.Build.0 = Release|Any CPU
		{B229340D-0E73-4493-816F-2065A253C0FA}.Debug|Any CPU.ActiveCfg = Debug|Any CPU
		{B229340D-0E73-4493-816F-2065A253C0FA}.Debug|Any CPU.Build.0 = Debug|Any CPU
		{B229340D-0E73-4493-816F-2065A253C0FA}.Release|Any CPU.ActiveCfg = Release|Any CPU
		{B229340D-0E73-4493-816F-2065A253C0FA}.Release|Any CPU.Build.0 = Release|Any CPU
		{115D89D7-1F62-4BA2-8C6A-8998252B70D4}.Debug|Any CPU.ActiveCfg = Debug|Any CPU
		{115D89D7-1F62-4BA2-8C6A-8998252B70D4}.Debug|Any CPU.Build.0 = Debug|Any CPU
		{115D89D7-1F62-4BA2-8C6A-8998252B70D4}.Release|Any CPU.ActiveCfg = Release|Any CPU
		{115D89D7-1F62-4BA2-8C6A-8998252B70D4}.Release|Any CPU.Build.0 = Release|Any CPU
		{AACE7DB9-4CA4-4D68-B9A1-70367E498CE9}.Debug|Any CPU.ActiveCfg = Debug|Any CPU
		{AACE7DB9-4CA4-4D68-B9A1-70367E498CE9}.Debug|Any CPU.Build.0 = Debug|Any CPU
		{AACE7DB9-4CA4-4D68-B9A1-70367E498CE9}.Release|Any CPU.ActiveCfg = Release|Any CPU
		{AACE7DB9-4CA4-4D68-B9A1-70367E498CE9}.Release|Any CPU.Build.0 = Release|Any CPU
		{1DA28EAC-FF61-435C-90E8-CC104B04C90E}.Debug|Any CPU.ActiveCfg = Debug|Any CPU
		{1DA28EAC-FF61-435C-90E8-CC104B04C90E}.Debug|Any CPU.Build.0 = Debug|Any CPU
		{1DA28EAC-FF61-435C-90E8-CC104B04C90E}.Release|Any CPU.ActiveCfg = Release|Any CPU
		{1DA28EAC-FF61-435C-90E8-CC104B04C90E}.Release|Any CPU.Build.0 = Release|Any CPU
		{E7EB2FE0-6F86-408A-B50D-1A5D0970B358}.Debug|Any CPU.ActiveCfg = Debug|Any CPU
		{E7EB2FE0-6F86-408A-B50D-1A5D0970B358}.Debug|Any CPU.Build.0 = Debug|Any CPU
		{E7EB2FE0-6F86-408A-B50D-1A5D0970B358}.Release|Any CPU.ActiveCfg = Release|Any CPU
		{E7EB2FE0-6F86-408A-B50D-1A5D0970B358}.Release|Any CPU.Build.0 = Release|Any CPU
		{9F0FCC87-EB98-40DD-B87A-02DAEC65F822}.Debug|Any CPU.ActiveCfg = Debug|Any CPU
		{9F0FCC87-EB98-40DD-B87A-02DAEC65F822}.Debug|Any CPU.Build.0 = Debug|Any CPU
		{9F0FCC87-EB98-40DD-B87A-02DAEC65F822}.Release|Any CPU.ActiveCfg = Release|Any CPU
		{9F0FCC87-EB98-40DD-B87A-02DAEC65F822}.Release|Any CPU.Build.0 = Release|Any CPU
		{4EBADD09-121C-4943-AFB1-B2A93F66DD93}.Debug|Any CPU.ActiveCfg = Debug|Any CPU
		{4EBADD09-121C-4943-AFB1-B2A93F66DD93}.Debug|Any CPU.Build.0 = Debug|Any CPU
		{4EBADD09-121C-4943-AFB1-B2A93F66DD93}.Release|Any CPU.ActiveCfg = Release|Any CPU
		{4EBADD09-121C-4943-AFB1-B2A93F66DD93}.Release|Any CPU.Build.0 = Release|Any CPU
		{231DE80F-5F02-40C8-BFC9-9CB7194156C3}.Debug|Any CPU.ActiveCfg = Debug|Any CPU
		{231DE80F-5F02-40C8-BFC9-9CB7194156C3}.Debug|Any CPU.Build.0 = Debug|Any CPU
		{231DE80F-5F02-40C8-BFC9-9CB7194156C3}.Release|Any CPU.ActiveCfg = Release|Any CPU
		{231DE80F-5F02-40C8-BFC9-9CB7194156C3}.Release|Any CPU.Build.0 = Release|Any CPU
		{0C254A9C-F45E-454F-94BA-9940C5CBCCFF}.Debug|Any CPU.ActiveCfg = Debug|Any CPU
		{0C254A9C-F45E-454F-94BA-9940C5CBCCFF}.Debug|Any CPU.Build.0 = Debug|Any CPU
		{0C254A9C-F45E-454F-94BA-9940C5CBCCFF}.Release|Any CPU.ActiveCfg = Release|Any CPU
		{0C254A9C-F45E-454F-94BA-9940C5CBCCFF}.Release|Any CPU.Build.0 = Release|Any CPU
		{74E17BB2-96D4-4D55-90F0-6D0FFDE3C8DB}.Debug|Any CPU.ActiveCfg = Debug|Any CPU
		{74E17BB2-96D4-4D55-90F0-6D0FFDE3C8DB}.Debug|Any CPU.Build.0 = Debug|Any CPU
		{74E17BB2-96D4-4D55-90F0-6D0FFDE3C8DB}.Release|Any CPU.ActiveCfg = Release|Any CPU
		{74E17BB2-96D4-4D55-90F0-6D0FFDE3C8DB}.Release|Any CPU.Build.0 = Release|Any CPU
	EndGlobalSection
	GlobalSection(SolutionProperties) = preSolution
		HideSolutionNode = FALSE
	EndGlobalSection
	GlobalSection(ExtensibilityGlobals) = postSolution
		SolutionGuid = {B1D4527C-640E-43BF-971F-456BED4738DB}
	EndGlobalSection
EndGlobal
